{
  "name": "wafxr",
  "version": "0.16.0",
  "lockfileVersion": 1,
  "requires": true,
  "dependencies": {
    "param-enveloper": {
      "version": "0.2.0",
      "resolved": "https://registry.npmjs.org/param-enveloper/-/param-enveloper-0.2.0.tgz",
      "integrity": "sha512-xCqh3lQILYLA+MVkJI4i8VwVx4rPQObTwPnWGroa209VnPEbGqgcOMWbRYljclNSuQRRhxSyZPyvw8iE/Q7jhw=="
    },
    "tweakpane": {
      "version": "1.3.4",
      "resolved": "https://registry.npmjs.org/tweakpane/-/tweakpane-1.3.4.tgz",
      "integrity": "sha512-FVNPvnTBHQXtSJZKadaZnatA9BimTC1eQgK16EQuysyzHuiIsqarwh6kXvPXP4C0H8K3t2cY3orxYES0gpB5Yg==",
      "dev": true
    },
    "wasgen": {
      "version": "0.16.0",
      "resolved": "https://registry.npmjs.org/wasgen/-/wasgen-0.16.0.tgz",
      "integrity": "sha512-H6xPKhX5hpHKO2Mso1vn6AO5J7nq7GKmVO4wkmjDEMWveeoYx2OpFbfH4Yfrpj70UeOjCdfem4IIxDpIvaE8Dg==",
      "requires": {
        "param-enveloper": "^0.2.0"
      }
    }
  }
}
