{
  "name": "wafxr",
  "version": "0.3.0",
  "lockfileVersion": 1,
  "requires": true,
  "dependencies": {
    "param-enveloper": {
      "version": "0.1.0",
      "resolved": "https://registry.npmjs.org/param-enveloper/-/param-enveloper-0.1.0.tgz",
      "integrity": "sha512-fPFQaxBnKJgwYavuzZ508iG5/fUXMJRuq65ckj+zrVPNjru7Jp504sj2AznDVW4jKWFZqbrn0cdu5xvvyeOtFQ=="
    },
    "tweakpane": {
      "version": "1.3.4",
      "resolved": "https://registry.npmjs.org/tweakpane/-/tweakpane-1.3.4.tgz",
      "integrity": "sha512-FVNPvnTBHQXtSJZKadaZnatA9BimTC1eQgK16EQuysyzHuiIsqarwh6kXvPXP4C0H8K3t2cY3orxYES0gpB5Yg==",
      "dev": true
    },
    "wasgen": {
      "version": "0.11.0",
      "resolved": "https://registry.npmjs.org/wasgen/-/wasgen-0.11.0.tgz",
      "integrity": "sha512-fOE/IvNelK+BNBMwK7XXimWBh5U/j3S+F0AV0ENPT6Jsr2PXXCw3msG+rwXFraBZKaxeG+1Ym5Ks1w6p0S7h7g==",
      "requires": {
        "param-enveloper": "^0.1.0"
      }
    }
  }
}
