{
  "name": "wafxr",
  "version": "0.17.0",
  "lockfileVersion": 1,
  "requires": true,
  "dependencies": {
    "audiobuffer-to-wav": {
      "version": "1.0.0",
      "resolved": "https://registry.npmjs.org/audiobuffer-to-wav/-/audiobuffer-to-wav-1.0.0.tgz",
      "integrity": "sha1-1bQyJxRV5/7laxEc0PjWINf54QU=",
      "dev": true
    },
    "param-enveloper": {
      "version": "0.2.0",
      "resolved": "https://registry.npmjs.org/param-enveloper/-/param-enveloper-0.2.0.tgz",
      "integrity": "sha512-xCqh3lQILYLA+MVkJI4i8VwVx4rPQObTwPnWGroa209VnPEbGqgcOMWbRYljclNSuQRRhxSyZPyvw8iE/Q7jhw=="
    },
    "tweakpane": {
      "version": "1.3.4",
      "resolved": "https://registry.npmjs.org/tweakpane/-/tweakpane-1.3.4.tgz",
      "integrity": "sha512-FVNPvnTBHQXtSJZKadaZnatA9BimTC1eQgK16EQuysyzHuiIsqarwh6kXvPXP4C0H8K3t2cY3orxYES0gpB5Yg==",
      "dev": true
    },
    "wasgen": {
      "version": "0.17.0",
      "resolved": "https://registry.npmjs.org/wasgen/-/wasgen-0.17.0.tgz",
      "integrity": "sha512-uh0UmvDTNfvIEVuupd9mAXzXZwALUw4geo61u+CF7jvqYGhFCtGQDkeS8UfIuvunxRVSOpanAJ+Ne/RYmouNsg==",
      "requires": {
        "param-enveloper": "^0.2.0"
      }
    }
  }
}
